// !$*UTF8*$!
{
	archiveVersion = 1;
	classes = {
	};
	objectVersion = 50;
	objects = {

/* Begin PBXBuildFile section */
		940BD8A8251A46940057B0F1 /* Meal.swift in Sources */ = {isa = PBXBuildFile; fileRef = 940BD8A7251A46940057B0F1 /* Meal.swift */; };
		940BD8B0251A48280057B0F1 /* FoodTrackerTests.swift in Sources */ = {isa = PBXBuildFile; fileRef = 940BD8AF251A48280057B0F1 /* FoodTrackerTests.swift */; };
		940BD8B8251A5C750057B0F1 /* MealTableViewCell.swift in Sources */ = {isa = PBXBuildFile; fileRef = 940BD8B7251A5C750057B0F1 /* MealTableViewCell.swift */; };
		9442FA5E251E20C400287F58 /* MealTableViewController.swift in Sources */ = {isa = PBXBuildFile; fileRef = 9442FA5D251E20C400287F58 /* MealTableViewController.swift */; };
		9452A8A124F6EFC50017795F /* AppDelegate.swift in Sources */ = {isa = PBXBuildFile; fileRef = 9452A8A024F6EFC50017795F /* AppDelegate.swift */; };
		9452A8A324F6EFC50017795F /* SceneDelegate.swift in Sources */ = {isa = PBXBuildFile; fileRef = 9452A8A224F6EFC50017795F /* SceneDelegate.swift */; };
		9452A8A524F6EFC50017795F /* MealViewController.swift in Sources */ = {isa = PBXBuildFile; fileRef = 9452A8A424F6EFC50017795F /* MealViewController.swift */; };
		9452A8A824F6EFC50017795F /* Main.storyboard in Resources */ = {isa = PBXBuildFile; fileRef = 9452A8A624F6EFC50017795F /* Main.storyboard */; };
		9452A8AA24F6EFC90017795F /* Assets.xcassets in Resources */ = {isa = PBXBuildFile; fileRef = 9452A8A924F6EFC90017795F /* Assets.xcassets */; };
		9452A8AD24F6EFC90017795F /* LaunchScreen.storyboard in Resources */ = {isa = PBXBuildFile; fileRef = 9452A8AB24F6EFC90017795F /* LaunchScreen.storyboard */; };
		948E111B25052A90007EC669 /* RatingControl.swift in Sources */ = {isa = PBXBuildFile; fileRef = 948E111A25052A90007EC669 /* RatingControl.swift */; };
/* End PBXBuildFile section */

/* Begin PBXContainerItemProxy section */
		940BD8B2251A48280057B0F1 /* PBXContainerItemProxy */ = {
			isa = PBXContainerItemProxy;
			containerPortal = 9452A89524F6EFC50017795F /* Project object */;
			proxyType = 1;
			remoteGlobalIDString = 9452A89C24F6EFC50017795F;
			remoteInfo = FoodTracker;
		};
/* End PBXContainerItemProxy section */

/* Begin PBXFileReference section */
		940BD8A7251A46940057B0F1 /* Meal.swift */ = {isa = PBXFileReference; lastKnownFileType = sourcecode.swift; name = Meal.swift; path = ../Meal.swift; sourceTree = "<group>"; };
		940BD8AD251A48280057B0F1 /* FoodTrackerTests.xctest */ = {isa = PBXFileReference; explicitFileType = wrapper.cfbundle; includeInIndex = 0; path = FoodTrackerTests.xctest; sourceTree = BUILT_PRODUCTS_DIR; };
		940BD8AF251A48280057B0F1 /* FoodTrackerTests.swift */ = {isa = PBXFileReference; lastKnownFileType = sourcecode.swift; path = FoodTrackerTests.swift; sourceTree = "<group>"; };
		940BD8B1251A48280057B0F1 /* Info.plist */ = {isa = PBXFileReference; lastKnownFileType = text.plist.xml; path = Info.plist; sourceTree = "<group>"; };
		940BD8B7251A5C750057B0F1 /* MealTableViewCell.swift */ = {isa = PBXFileReference; lastKnownFileType = sourcecode.swift; path = MealTableViewCell.swift; sourceTree = "<group>"; };
		9442FA5D251E20C400287F58 /* MealTableViewController.swift */ = {isa = PBXFileReference; lastKnownFileType = sourcecode.swift; path = MealTableViewController.swift; sourceTree = "<group>"; };
		9452A89D24F6EFC50017795F /* FoodTracker.app */ = {isa = PBXFileReference; explicitFileType = wrapper.application; includeInIndex = 0; path = FoodTracker.app; sourceTree = BUILT_PRODUCTS_DIR; };
		9452A8A024F6EFC50017795F /* AppDelegate.swift */ = {isa = PBXFileReference; lastKnownFileType = sourcecode.swift; path = AppDelegate.swift; sourceTree = "<group>"; };
		9452A8A224F6EFC50017795F /* SceneDelegate.swift */ = {isa = PBXFileReference; lastKnownFileType = sourcecode.swift; path = SceneDelegate.swift; sourceTree = "<group>"; };
		9452A8A424F6EFC50017795F /* MealViewController.swift */ = {isa = PBXFileReference; lastKnownFileType = sourcecode.swift; path = MealViewController.swift; sourceTree = "<group>"; };
		9452A8A724F6EFC50017795F /* Base */ = {isa = PBXFileReference; lastKnownFileType = file.storyboard; name = Base; path = Base.lproj/Main.storyboard; sourceTree = "<group>"; };
		9452A8A924F6EFC90017795F /* Assets.xcassets */ = {isa = PBXFileReference; lastKnownFileType = folder.assetcatalog; path = Assets.xcassets; sourceTree = "<group>"; };
		9452A8AC24F6EFC90017795F /* Base */ = {isa = PBXFileReference; lastKnownFileType = file.storyboard; name = Base; path = Base.lproj/LaunchScreen.storyboard; sourceTree = "<group>"; };
		9452A8AE24F6EFC90017795F /* Info.plist */ = {isa = PBXFileReference; lastKnownFileType = text.plist.xml; path = Info.plist; sourceTree = "<group>"; };
		948E111A25052A90007EC669 /* RatingControl.swift */ = {isa = PBXFileReference; lastKnownFileType = sourcecode.swift; path = RatingControl.swift; sourceTree = "<group>"; };
/* End PBXFileReference section */

/* Begin PBXFrameworksBuildPhase section */
		940BD8AA251A48280057B0F1 /* Frameworks */ = {
			isa = PBXFrameworksBuildPhase;
			buildActionMask = 2147483647;
			files = (
			);
			runOnlyForDeploymentPostprocessing = 0;
		};
		9452A89A24F6EFC50017795F /* Frameworks */ = {
			isa = PBXFrameworksBuildPhase;
			buildActionMask = 2147483647;
			files = (
			);
			runOnlyForDeploymentPostprocessing = 0;
		};
/* End PBXFrameworksBuildPhase section */

/* Begin PBXGroup section */
		940BD8AE251A48280057B0F1 /* FoodTrackerTests */ = {
			isa = PBXGroup;
			children = (
				940BD8AF251A48280057B0F1 /* FoodTrackerTests.swift */,
				940BD8B1251A48280057B0F1 /* Info.plist */,
			);
			path = FoodTrackerTests;
			sourceTree = "<group>";
		};
		9452A89424F6EFC50017795F = {
			isa = PBXGroup;
			children = (
				9452A89F24F6EFC50017795F /* FoodTracker */,
				940BD8AE251A48280057B0F1 /* FoodTrackerTests */,
				9452A89E24F6EFC50017795F /* Products */,
			);
			sourceTree = "<group>";
		};
		9452A89E24F6EFC50017795F /* Products */ = {
			isa = PBXGroup;
			children = (
				9452A89D24F6EFC50017795F /* FoodTracker.app */,
				940BD8AD251A48280057B0F1 /* FoodTrackerTests.xctest */,
			);
			name = Products;
			sourceTree = "<group>";
		};
		9452A89F24F6EFC50017795F /* FoodTracker */ = {
			isa = PBXGroup;
			children = (
				940BD8A7251A46940057B0F1 /* Meal.swift */,
				9452A8A024F6EFC50017795F /* AppDelegate.swift */,
				9452A8A224F6EFC50017795F /* SceneDelegate.swift */,
				9452A8A424F6EFC50017795F /* MealViewController.swift */,
				948E111A25052A90007EC669 /* RatingControl.swift */,
				9452A8A624F6EFC50017795F /* Main.storyboard */,
				9442FA5D251E20C400287F58 /* MealTableViewController.swift */,
				940BD8B7251A5C750057B0F1 /* MealTableViewCell.swift */,
				9452A8A924F6EFC90017795F /* Assets.xcassets */,
				9452A8AB24F6EFC90017795F /* LaunchScreen.storyboard */,
				9452A8AE24F6EFC90017795F /* Info.plist */,
			);
			path = FoodTracker;
			sourceTree = "<group>";
		};
/* End PBXGroup section */

/* Begin PBXNativeTarget section */
		940BD8AC251A48280057B0F1 /* FoodTrackerTests */ = {
			isa = PBXNativeTarget;
			buildConfigurationList = 940BD8B4251A48280057B0F1 /* Build configuration list for PBXNativeTarget "FoodTrackerTests" */;
			buildPhases = (
				940BD8A9251A48280057B0F1 /* Sources */,
				940BD8AA251A48280057B0F1 /* Frameworks */,
				940BD8AB251A48280057B0F1 /* Resources */,
			);
			buildRules = (
			);
			dependencies = (
				940BD8B3251A48280057B0F1 /* PBXTargetDependency */,
			);
			name = FoodTrackerTests;
			productName = FoodTrackerTests;
			productReference = 940BD8AD251A48280057B0F1 /* FoodTrackerTests.xctest */;
			productType = "com.apple.product-type.bundle.unit-test";
		};
		9452A89C24F6EFC50017795F /* FoodTracker */ = {
			isa = PBXNativeTarget;
			buildConfigurationList = 9452A8B124F6EFC90017795F /* Build configuration list for PBXNativeTarget "FoodTracker" */;
			buildPhases = (
				9452A89924F6EFC50017795F /* Sources */,
				9452A89A24F6EFC50017795F /* Frameworks */,
				9452A89B24F6EFC50017795F /* Resources */,
			);
			buildRules = (
			);
			dependencies = (
			);
			name = FoodTracker;
			productName = FoodTracker;
			productReference = 9452A89D24F6EFC50017795F /* FoodTracker.app */;
			productType = "com.apple.product-type.application";
		};
/* End PBXNativeTarget section */

/* Begin PBXProject section */
		9452A89524F6EFC50017795F /* Project object */ = {
			isa = PBXProject;
			attributes = {
				LastSwiftUpdateCheck = 1160;
				LastUpgradeCheck = 1160;
				ORGANIZATIONNAME = emit;
				TargetAttributes = {
					940BD8AC251A48280057B0F1 = {
						CreatedOnToolsVersion = 11.6;
						TestTargetID = 9452A89C24F6EFC50017795F;
					};
					9452A89C24F6EFC50017795F = {
						CreatedOnToolsVersion = 11.6;
					};
				};
			};
			buildConfigurationList = 9452A89824F6EFC50017795F /* Build configuration list for PBXProject "FoodTracker" */;
			compatibilityVersion = "Xcode 9.3";
			developmentRegion = en;
			hasScannedForEncodings = 0;
			knownRegions = (
				en,
				Base,
			);
			mainGroup = 9452A89424F6EFC50017795F;
			productRefGroup = 9452A89E24F6EFC50017795F /* Products */;
			projectDirPath = "";
			projectRoot = "";
			targets = (
				9452A89C24F6EFC50017795F /* FoodTracker */,
				940BD8AC251A48280057B0F1 /* FoodTrackerTests */,
			);
		};
/* End PBXProject section */

/* Begin PBXResourcesBuildPhase section */
		940BD8AB251A48280057B0F1 /* Resources */ = {
			isa = PBXResourcesBuildPhase;
			buildActionMask = 2147483647;
			files = (
			);
			runOnlyForDeploymentPostprocessing = 0;
		};
		9452A89B24F6EFC50017795F /* Resources */ = {
			isa = PBXResourcesBuildPhase;
			buildActionMask = 2147483647;
			files = (
				9452A8AD24F6EFC90017795F /* LaunchScreen.storyboard in Resources */,
				9452A8AA24F6EFC90017795F /* Assets.xcassets in Resources */,
				9452A8A824F6EFC50017795F /* Main.storyboard in Resources */,
			);
			runOnlyForDeploymentPostprocessing = 0;
		};
/* End PBXResourcesBuildPhase section */

/* Begin PBXSourcesBuildPhase section */
		940BD8A9251A48280057B0F1 /* Sources */ = {
			isa = PBXSourcesBuildPhase;
			buildActionMask = 2147483647;
			files = (
				940BD8B0251A48280057B0F1 /* FoodTrackerTests.swift in Sources */,
			);
			runOnlyForDeploymentPostprocessing = 0;
		};
		9452A89924F6EFC50017795F /* Sources */ = {
			isa = PBXSourcesBuildPhase;
			buildActionMask = 2147483647;
			files = (
				940BD8A8251A46940057B0F1 /* Meal.swift in Sources */,
				948E111B25052A90007EC669 /* RatingControl.swift in Sources */,
				9442FA5E251E20C400287F58 /* MealTableViewController.swift in Sources */,
				940BD8B8251A5C750057B0F1 /* MealTableViewCell.swift in Sources */,
				9452A8A524F6EFC50017795F /* MealViewController.swift in Sources */,
				9452A8A124F6EFC50017795F /* AppDelegate.swift in Sources */,
				9452A8A324F6EFC50017795F /* SceneDelegate.swift in Sources */,
			);
			runOnlyForDeploymentPostprocessing = 0;
		};
/* End PBXSourcesBuildPhase section */

/* Begin PBXTargetDependency section */
		940BD8B3251A48280057B0F1 /* PBXTargetDependency */ = {
			isa = PBXTargetDependency;
			target = 9452A89C24F6EFC50017795F /* FoodTracker */;
			targetProxy = 940BD8B2251A48280057B0F1 /* PBXContainerItemProxy */;
		};
/* End PBXTargetDependency section */

/* Begin PBXVariantGroup section */
		9452A8A624F6EFC50017795F /* Main.storyboard */ = {
			isa = PBXVariantGroup;
			children = (
				9452A8A724F6EFC50017795F /* Base */,
			);
			name = Main.storyboard;
			sourceTree = "<group>";
		};
		9452A8AB24F6EFC90017795F /* LaunchScreen.storyboard */ = {
			isa = PBXVariantGroup;
			children = (
				9452A8AC24F6EFC90017795F /* Base */,
			);
			name = LaunchScreen.storyboard;
			sourceTree = "<group>";
		};
/* End PBXVariantGroup section */

/* Begin XCBuildConfiguration section */
		940BD8B5251A48280057B0F1 /* Debug */ = {
			isa = XCBuildConfiguration;
			buildSettings = {
				BUNDLE_LOADER = "$(TEST_HOST)";
				CODE_SIGN_STYLE = Automatic;
				DEVELOPMENT_TEAM = 9945Z6TS59;
				INFOPLIST_FILE = FoodTrackerTests/Info.plist;
				LD_RUNPATH_SEARCH_PATHS = (
					"$(inherited)",
					"@executable_path/Frameworks",
					"@loader_path/Frameworks",
				);
				PRODUCT_BUNDLE_IDENTIFIER = com.example.FoodTrackerTests;
				PRODUCT_NAME = "$(TARGET_NAME)";
				SWIFT_VERSION = 5.0;
				TARGETED_DEVICE_FAMILY = "1,2";
				TEST_HOST = "$(BUILT_PRODUCTS_DIR)/FoodTracker.app/FoodTracker";
			};
			name = Debug;
		};
		940BD8B6251A48280057B0F1 /* Release */ = {
			isa = XCBuildConfiguration;
			buildSettings = {
				BUNDLE_LOADER = "$(TEST_HOST)";
				CODE_SIGN_STYLE = Automatic;
				DEVELOPMENT_TEAM = 9945Z6TS59;
				INFOPLIST_FILE = FoodTrackerTests/Info.plist;
				LD_RUNPATH_SEARCH_PATHS = (
					"$(inherited)",
					"@executable_path/Frameworks",
					"@loader_path/Frameworks",
				);
				PRODUCT_BUNDLE_IDENTIFIER = com.example.FoodTrackerTests;
				PRODUCT_NAME = "$(TARGET_NAME)";
				SWIFT_VERSION = 5.0;
				TARGETED_DEVICE_FAMILY = "1,2";
				TEST_HOST = "$(BUILT_PRODUCTS_DIR)/FoodTracker.app/FoodTracker";
			};
			name = Release;
		};
		9452A8AF24F6EFC90017795F /* Debug */ = {
			isa = XCBuildConfiguration;
			buildSettings = {
				ALWAYS_SEARCH_USER_PATHS = NO;
				CLANG_ANALYZER_NONNULL = YES;
				CLANG_ANALYZER_NUMBER_OBJECT_CONVERSION = YES_AGGRESSIVE;
				CLANG_CXX_LANGUAGE_STANDARD = "gnu++14";
				CLANG_CXX_LIBRARY = "libc++";
				CLANG_ENABLE_MODULES = YES;
				CLANG_ENABLE_OBJC_ARC = YES;
				CLANG_ENABLE_OBJC_WEAK = YES;
				CLANG_WARN_BLOCK_CAPTURE_AUTORELEASING = YES;
				CLANG_WARN_BOOL_CONVERSION = YES;
				CLANG_WARN_COMMA = YES;
				CLANG_WARN_CONSTANT_CONVERSION = YES;
				CLANG_WARN_DEPRECATED_OBJC_IMPLEMENTATIONS = YES;
				CLANG_WARN_DIRECT_OBJC_ISA_USAGE = YES_ERROR;
				CLANG_WARN_DOCUMENTATION_COMMENTS = YES;
				CLANG_WARN_EMPTY_BODY = YES;
				CLANG_WARN_ENUM_CONVERSION = YES;
				CLANG_WARN_INFINITE_RECURSION = YES;
				CLANG_WARN_INT_CONVERSION = YES;
				CLANG_WARN_NON_LITERAL_NULL_CONVERSION = YES;
				CLANG_WARN_OBJC_IMPLICIT_RETAIN_SELF = YES;
				CLANG_WARN_OBJC_LITERAL_CONVERSION = YES;
				CLANG_WARN_OBJC_ROOT_CLASS = YES_ERROR;
				CLANG_WARN_RANGE_LOOP_ANALYSIS = YES;
				CLANG_WARN_STRICT_PROTOTYPES = YES;
				CLANG_WARN_SUSPICIOUS_MOVE = YES;
				CLANG_WARN_UNGUARDED_AVAILABILITY = YES_AGGRESSIVE;
				CLANG_WARN_UNREACHABLE_CODE = YES;
				CLANG_WARN__DUPLICATE_METHOD_MATCH = YES;
				COPY_PHASE_STRIP = NO;
				DEBUG_INFORMATION_FORMAT = dwarf;
				ENABLE_STRICT_OBJC_MSGSEND = YES;
				ENABLE_TESTABILITY = YES;
				GCC_C_LANGUAGE_STANDARD = gnu11;
				GCC_DYNAMIC_NO_PIC = NO;
				GCC_NO_COMMON_BLOCKS = YES;
				GCC_OPTIMIZATION_LEVEL = 0;
				GCC_PREPROCESSOR_DEFINITIONS = (
					"DEBUG=1",
					"$(inherited)",
				);
				GCC_WARN_64_TO_32_BIT_CONVERSION = YES;
				GCC_WARN_ABOUT_RETURN_TYPE = YES_ERROR;
				GCC_WARN_UNDECLARED_SELECTOR = YES;
				GCC_WARN_UNINITIALIZED_AUTOS = YES_AGGRESSIVE;
				GCC_WARN_UNUSED_FUNCTION = YES;
				GCC_WARN_UNUSED_VARIABLE = YES;
				IPHONEOS_DEPLOYMENT_TARGET = 13.6;
				MTL_ENABLE_DEBUG_INFO = INCLUDE_SOURCE;
				MTL_FAST_MATH = YES;
				ONLY_ACTIVE_ARCH = YES;
				SDKROOT = iphoneos;
				SWIFT_ACTIVE_COMPILATION_CONDITIONS = DEBUG;
				SWIFT_OPTIMIZATION_LEVEL = "-Onone";
			};
			name = Debug;
		};
		9452A8B024F6EFC90017795F /* Release */ = {
			isa = XCBuildConfiguration;
			buildSettings = {
				ALWAYS_SEARCH_USER_PATHS = NO;
				CLANG_ANALYZER_NONNULL = YES;
				CLANG_ANALYZER_NUMBER_OBJECT_CONVERSION = YES_AGGRESSIVE;
				CLANG_CXX_LANGUAGE_STANDARD = "gnu++14";
				CLANG_CXX_LIBRARY = "libc++";
				CLANG_ENABLE_MODULES = YES;
				CLANG_ENABLE_OBJC_ARC = YES;
				CLANG_ENABLE_OBJC_WEAK = YES;
				CLANG_WARN_BLOCK_CAPTURE_AUTORELEASING = YES;
				CLANG_WARN_BOOL_CONVERSION = YES;
				CLANG_WARN_COMMA = YES;
				CLANG_WARN_CONSTANT_CONVERSION = YES;
				CLANG_WARN_DEPRECATED_OBJC_IMPLEMENTATIONS = YES;
				CLANG_WARN_DIRECT_OBJC_ISA_USAGE = YES_ERROR;
				CLANG_WARN_DOCUMENTATION_COMMENTS = YES;
				CLANG_WARN_EMPTY_BODY = YES;
				CLANG_WARN_ENUM_CONVERSION = YES;
				CLANG_WARN_INFINITE_RECURSION = YES;
				CLANG_WARN_INT_CONVERSION = YES;
				CLANG_WARN_NON_LITERAL_NULL_CONVERSION = YES;
				CLANG_WARN_OBJC_IMPLICIT_RETAIN_SELF = YES;
				CLANG_WARN_OBJC_LITERAL_CONVERSION = YES;
				CLANG_WARN_OBJC_ROOT_CLASS = YES_ERROR;
				CLANG_WARN_RANGE_LOOP_ANALYSIS = YES;
				CLANG_WARN_STRICT_PROTOTYPES = YES;
				CLANG_WARN_SUSPICIOUS_MOVE = YES;
				CLANG_WARN_UNGUARDED_AVAILABILITY = YES_AGGRESSIVE;
				CLANG_WARN_UNREACHABLE_CODE = YES;
				CLANG_WARN__DUPLICATE_METHOD_MATCH = YES;
				COPY_PHASE_STRIP = NO;
				DEBUG_INFORMATION_FORMAT = "dwarf-with-dsym";
				ENABLE_NS_ASSERTIONS = NO;
				ENABLE_STRICT_OBJC_MSGSEND = YES;
				GCC_C_LANGUAGE_STANDARD = gnu11;
				GCC_NO_COMMON_BLOCKS = YES;
				GCC_WARN_64_TO_32_BIT_CONVERSION = YES;
				GCC_WARN_ABOUT_RETURN_TYPE = YES_ERROR;
				GCC_WARN_UNDECLARED_SELECTOR = YES;
				GCC_WARN_UNINITIALIZED_AUTOS = YES_AGGRESSIVE;
				GCC_WARN_UNUSED_FUNCTION = YES;
				GCC_WARN_UNUSED_VARIABLE = YES;
				IPHONEOS_DEPLOYMENT_TARGET = 13.6;
				MTL_ENABLE_DEBUG_INFO = NO;
				MTL_FAST_MATH = YES;
				SDKROOT = iphoneos;
				SWIFT_COMPILATION_MODE = wholemodule;
				SWIFT_OPTIMIZATION_LEVEL = "-O";
				VALIDATE_PRODUCT = YES;
			};
			name = Release;
		};
		9452A8B224F6EFC90017795F /* Debug */ = {
			isa = XCBuildConfiguration;
			buildSettings = {
				ASSETCATALOG_COMPILER_APPICON_NAME = AppIcon;
				CODE_SIGN_STYLE = Automatic;
				DEVELOPMENT_TEAM = 9945Z6TS59;
				INFOPLIST_FILE = FoodTracker/Info.plist;
				IPHONEOS_DEPLOYMENT_TARGET = 13.5;
				LD_RUNPATH_SEARCH_PATHS = (
					"$(inherited)",
					"@executable_path/Frameworks",
				);
				PRODUCT_BUNDLE_IDENTIFIER = com.example.FoodTracker;
				PRODUCT_NAME = "$(TARGET_NAME)";
				SWIFT_VERSION = 5.0;
				TARGETED_DEVICE_FAMILY = "1,2";
			};
			name = Debug;
		};
		9452A8B324F6EFC90017795F /* Release */ = {
			isa = XCBuildConfiguration;
			buildSettings = {
				ASSETCATALOG_COMPILER_APPICON_NAME = AppIcon;
				CODE_SIGN_STYLE = Automatic;
				DEVELOPMENT_TEAM = 9945Z6TS59;
				INFOPLIST_FILE = FoodTracker/Info.plist;
				IPHONEOS_DEPLOYMENT_TARGET = 13.5;
				LD_RUNPATH_SEARCH_PATHS = (
					"$(inherited)",
					"@executable_path/Frameworks",
				);
				PRODUCT_BUNDLE_IDENTIFIER = com.example.FoodTracker;
				PRODUCT_NAME = "$(TARGET_NAME)";
				SWIFT_VERSION = 5.0;
				TARGETED_DEVICE_FAMILY = "1,2";
			};
			name = Release;
		};
/* End XCBuildConfiguration section */

/* Begin XCConfigurationList section */
		940BD8B4251A48280057B0F1 /* Build configuration list for PBXNativeTarget "FoodTrackerTests" */ = {
			isa = XCConfigurationList;
			buildConfigurations = (
				940BD8B5251A48280057B0F1 /* Debug */,
				940BD8B6251A48280057B0F1 /* Release */,
			);
			defaultConfigurationIsVisible = 0;
			defaultConfigurationName = Release;
		};
		9452A89824F6EFC50017795F /* Build configuration list for PBXProject "FoodTracker" */ = {
			isa = XCConfigurationList;
			buildConfigurations = (
				9452A8AF24F6EFC90017795F /* Debug */,
				9452A8B024F6EFC90017795F /* Release */,
			);
			defaultConfigurationIsVisible = 0;
			defaultConfigurationName = Release;
		};
		9452A8B124F6EFC90017795F /* Build configuration list for PBXNativeTarget "FoodTracker" */ = {
			isa = XCConfigurationList;
			buildConfigurations = (
				9452A8B224F6EFC90017795F /* Debug */,
				9452A8B324F6EFC90017795F /* Release */,
			);
			defaultConfigurationIsVisible = 0;
			defaultConfigurationName = Release;
		};
/* End XCConfigurationList section */
	};
	rootObject = 9452A89524F6EFC50017795F /* Project object */;
}
